
Microsoft Visual Studio Solution File, Format Version 12.00
# Visual Studio 15
VisualStudioVersion = 15.0.28307.539
MinimumVisualStudioVersion = 10.0.40219.1
Project("{FAE04EC0-301F-11D3-BF4B-00C04F79EFBC}") = "GastosApiRest.Android", "GastosApiRest\GastosApiRest.Android\GastosApiRest.Android.csproj", "{C8EF95A0-0ECD-467F-9260-071375E51F7D}"
EndProject
Project("{FAE04EC0-301F-11D3-BF4B-00C04F79EFBC}") = "GastosApiRest.iOS", "GastosApiRest\GastosApiRest.iOS\GastosApiRest.iOS.csproj", "{DFB9D508-1850-44B6-923F-7B89F5640ADB}"
EndProject
Project("{FAE04EC0-301F-11D3-BF4B-00C04F79EFBC}") = "GastosApiRest", "GastosApiRest\GastosApiRest\GastosApiRest.csproj", "{C8764654-BC27-4357-9478-0CD92E8D9C47}"
EndProject
Global
	GlobalSection(SolutionConfigurationPlatforms) = preSolution
		Ad-Hoc|Any CPU = Ad-Hoc|Any CPU
		Ad-Hoc|iPhone = Ad-Hoc|iPhone
		Ad-Hoc|iPhoneSimulator = Ad-Hoc|iPhoneSimulator
		AppStore|Any CPU = AppStore|Any CPU
		AppStore|iPhone = AppStore|iPhone
		AppStore|iPhoneSimulator = AppStore|iPhoneSimulator
		Debug|Any CPU = Debug|Any CPU
		Debug|iPhone = Debug|iPhone
		Debug|iPhoneSimulator = Debug|iPhoneSimulator
		Release|Any CPU = Release|Any CPU
		Release|iPhone = Release|iPhone
		Release|iPhoneSimulator = Release|iPhoneSimulator
	EndGlobalSection
	GlobalSection(ProjectConfigurationPlatforms) = postSolution
		{C8EF95A0-0ECD-467F-9260-071375E51F7D}.Ad-Hoc|Any CPU.ActiveCfg = Release|Any CPU
		{C8EF95A0-0ECD-467F-9260-071375E51F7D}.Ad-Hoc|Any CPU.Build.0 = Release|Any CPU
		{C8EF95A0-0ECD-467F-9260-071375E51F7D}.Ad-Hoc|Any CPU.Deploy.0 = Release|Any CPU
		{C8EF95A0-0ECD-467F-9260-071375E51F7D}.Ad-Hoc|iPhone.ActiveCfg = Release|Any CPU
		{C8EF95A0-0ECD-467F-9260-071375E51F7D}.Ad-Hoc|iPhone.Build.0 = Release|Any CPU
		{C8EF95A0-0ECD-467F-9260-071375E51F7D}.Ad-Hoc|iPhone.Deploy.0 = Release|Any CPU
		{C8EF95A0-0ECD-467F-9260-071375E51F7D}.Ad-Hoc|iPhoneSimulator.ActiveCfg = Release|Any CPU
		{C8EF95A0-0ECD-467F-9260-071375E51F7D}.Ad-Hoc|iPhoneSimulator.Build.0 = Release|Any CPU
		{C8EF95A0-0ECD-467F-9260-071375E51F7D}.Ad-Hoc|iPhoneSimulator.Deploy.0 = Release|Any CPU
		{C8EF95A0-0ECD-467F-9260-071375E51F7D}.AppStore|Any CPU.ActiveCfg = Release|Any CPU
		{C8EF95A0-0ECD-467F-9260-071375E51F7D}.AppStore|Any CPU.Build.0 = Release|Any CPU
		{C8EF95A0-0ECD-467F-9260-071375E51F7D}.AppStore|Any CPU.Deploy.0 = Release|Any CPU
		{C8EF95A0-0ECD-467F-9260-071375E51F7D}.AppStore|iPhone.ActiveCfg = Release|Any CPU
		{C8EF95A0-0ECD-467F-9260-071375E51F7D}.AppStore|iPhone.Build.0 = Release|Any CPU
		{C8EF95A0-0ECD-467F-9260-071375E51F7D}.AppStore|iPhone.Deploy.0 = Release|Any CPU
		{C8EF95A0-0ECD-467F-9260-071375E51F7D}.AppStore|iPhoneSimulator.ActiveCfg = Release|Any CPU
		{C8EF95A0-0ECD-467F-9260-071375E51F7D}.AppStore|iPhoneSimulator.Build.0 = Release|Any CPU
		{C8EF95A0-0ECD-467F-9260-071375E51F7D}.AppStore|iPhoneSimulator.Deploy.0 = Release|Any CPU
		{C8EF95A0-0ECD-467F-9260-071375E51F7D}.Debug|Any CPU.ActiveCfg = Debug|Any CPU
		{C8EF95A0-0ECD-467F-9260-071375E51F7D}.Debug|Any CPU.Build.0 = Debug|Any CPU
		{C8EF95A0-0ECD-467F-9260-071375E51F7D}.Debug|Any CPU.Deploy.0 = Debug|Any CPU
		{C8EF95A0-0ECD-467F-9260-071375E51F7D}.Debug|iPhone.ActiveCfg = Debug|Any CPU
		{C8EF95A0-0ECD-467F-9260-071375E51F7D}.Debug|iPhone.Build.0 = Debug|Any CPU
		{C8EF95A0-0ECD-467F-9260-071375E51F7D}.Debug|iPhone.Deploy.0 = Debug|Any CPU
		{C8EF95A0-0ECD-467F-9260-071375E51F7D}.Debug|iPhoneSimulator.ActiveCfg = Debug|Any CPU
		{C8EF95A0-0ECD-467F-9260-071375E51F7D}.Debug|iPhoneSimulator.Build.0 = Debug|Any CPU
		{C8EF95A0-0ECD-467F-9260-071375E51F7D}.Debug|iPhoneSimulator.Deploy.0 = Debug|Any CPU
		{C8EF95A0-0ECD-467F-9260-071375E51F7D}.Release|Any CPU.ActiveCfg = Release|Any CPU
		{C8EF95A0-0ECD-467F-9260-071375E51F7D}.Release|Any CPU.Build.0 = Release|Any CPU
		{C8EF95A0-0ECD-467F-9260-071375E51F7D}.Release|Any CPU.Deploy.0 = Release|Any CPU
		{C8EF95A0-0ECD-467F-9260-071375E51F7D}.Release|iPhone.ActiveCfg = Release|Any CPU
		{C8EF95A0-0ECD-467F-9260-071375E51F7D}.Release|iPhone.Build.0 = Release|Any CPU
		{C8EF95A0-0ECD-467F-9260-071375E51F7D}.Release|iPhone.Deploy.0 = Release|Any CPU
		{C8EF95A0-0ECD-467F-9260-071375E51F7D}.Release|iPhoneSimulator.ActiveCfg = Release|Any CPU
		{C8EF95A0-0ECD-467F-9260-071375E51F7D}.Release|iPhoneSimulator.Build.0 = Release|Any CPU
		{C8EF95A0-0ECD-467F-9260-071375E51F7D}.Release|iPhoneSimulator.Deploy.0 = Release|Any CPU
		{DFB9D508-1850-44B6-923F-7B89F5640ADB}.Ad-Hoc|Any CPU.ActiveCfg = Ad-Hoc|iPhone
		{DFB9D508-1850-44B6-923F-7B89F5640ADB}.Ad-Hoc|Any CPU.Build.0 = Ad-Hoc|iPhone
		{DFB9D508-1850-44B6-923F-7B89F5640ADB}.Ad-Hoc|Any CPU.Deploy.0 = Ad-Hoc|iPhone
		{DFB9D508-1850-44B6-923F-7B89F5640ADB}.Ad-Hoc|iPhone.ActiveCfg = Ad-Hoc|iPhone
		{DFB9D508-1850-44B6-923F-7B89F5640ADB}.Ad-Hoc|iPhone.Build.0 = Ad-Hoc|iPhone
		{DFB9D508-1850-44B6-923F-7B89F5640ADB}.Ad-Hoc|iPhone.Deploy.0 = Ad-Hoc|iPhone
		{DFB9D508-1850-44B6-923F-7B89F5640ADB}.Ad-Hoc|iPhoneSimulator.ActiveCfg = Ad-Hoc|iPhoneSimulator
		{DFB9D508-1850-44B6-923F-7B89F5640ADB}.Ad-Hoc|iPhoneSimulator.Build.0 = Ad-Hoc|iPhoneSimulator
		{DFB9D508-1850-44B6-923F-7B89F5640ADB}.Ad-Hoc|iPhoneSimulator.Deploy.0 = Ad-Hoc|iPhoneSimulator
		{DFB9D508-1850-44B6-923F-7B89F5640ADB}.AppStore|Any CPU.ActiveCfg = AppStore|iPhone
		{DFB9D508-1850-44B6-923F-7B89F5640ADB}.AppStore|Any CPU.Build.0 = AppStore|iPhone
		{DFB9D508-1850-44B6-923F-7B89F5640ADB}.AppStore|Any CPU.Deploy.0 = AppStore|iPhone
		{DFB9D508-1850-44B6-923F-7B89F5640ADB}.AppStore|iPhone.ActiveCfg = AppStore|iPhone
		{DFB9D508-1850-44B6-923F-7B89F5640ADB}.AppStore|iPhone.Build.0 = AppStore|iPhone
		{DFB9D508-1850-44B6-923F-7B89F5640ADB}.AppStore|iPhone.Deploy.0 = AppStore|iPhone
		{DFB9D508-1850-44B6-923F-7B89F5640ADB}.AppStore|iPhoneSimulator.ActiveCfg = AppStore|iPhoneSimulator
		{DFB9D508-1850-44B6-923F-7B89F5640ADB}.AppStore|iPhoneSimulator.Build.0 = AppStore|iPhoneSimulator
		{DFB9D508-1850-44B6-923F-7B89F5640ADB}.AppStore|iPhoneSimulator.Deploy.0 = AppStore|iPhoneSimulator
		{DFB9D508-1850-44B6-923F-7B89F5640ADB}.Debug|Any CPU.ActiveCfg = Debug|iPhoneSimulator
		{DFB9D508-1850-44B6-923F-7B89F5640ADB}.Debug|Any CPU.Build.0 = Debug|iPhoneSimulator
		{DFB9D508-1850-44B6-923F-7B89F5640ADB}.Debug|Any CPU.Deploy.0 = Debug|iPhoneSimulator
		{DFB9D508-1850-44B6-923F-7B89F5640ADB}.Debug|iPhone.ActiveCfg = Debug|iPhone
		{DFB9D508-1850-44B6-923F-7B89F5640ADB}.Debug|iPhone.Build.0 = Debug|iPhone
		{DFB9D508-1850-44B6-923F-7B89F5640ADB}.Debug|iPhone.Deploy.0 = Debug|iPhone
		{DFB9D508-1850-44B6-923F-7B89F5640ADB}.Debug|iPhoneSimulator.ActiveCfg = Debug|iPhoneSimulator
		{DFB9D508-1850-44B6-923F-7B89F5640ADB}.Debug|iPhoneSimulator.Build.0 = Debug|iPhoneSimulator
		{DFB9D508-1850-44B6-923F-7B89F5640ADB}.Debug|iPhoneSimulator.Deploy.0 = Debug|iPhoneSimulator
		{DFB9D508-1850-44B6-923F-7B89F5640ADB}.Release|Any CPU.ActiveCfg = Release|iPhone
		{DFB9D508-1850-44B6-923F-7B89F5640ADB}.Release|Any CPU.Build.0 = Release|iPhone
		{DFB9D508-1850-44B6-923F-7B89F5640ADB}.Release|Any CPU.Deploy.0 = Release|iPhone
		{DFB9D508-1850-44B6-923F-7B89F5640ADB}.Release|iPhone.ActiveCfg = Release|iPhone
		{DFB9D508-1850-44B6-923F-7B89F5640ADB}.Release|iPhone.Build.0 = Release|iPhone
		{DFB9D508-1850-44B6-923F-7B89F5640ADB}.Release|iPhone.Deploy.0 = Release|iPhone
		{DFB9D508-1850-44B6-923F-7B89F5640ADB}.Release|iPhoneSimulator.ActiveCfg = Release|iPhoneSimulator
		{DFB9D508-1850-44B6-923F-7B89F5640ADB}.Release|iPhoneSimulator.Build.0 = Release|iPhoneSimulator
		{DFB9D508-1850-44B6-923F-7B89F5640ADB}.Release|iPhoneSimulator.Deploy.0 = Release|iPhoneSimulator
		{C8764654-BC27-4357-9478-0CD92E8D9C47}.Ad-Hoc|Any CPU.ActiveCfg = Debug|Any CPU
		{C8764654-BC27-4357-9478-0CD92E8D9C47}.Ad-Hoc|Any CPU.Build.0 = Debug|Any CPU
		{C8764654-BC27-4357-9478-0CD92E8D9C47}.Ad-Hoc|Any CPU.Deploy.0 = Debug|Any CPU
		{C8764654-BC27-4357-9478-0CD92E8D9C47}.Ad-Hoc|iPhone.ActiveCfg = Debug|Any CPU
		{C8764654-BC27-4357-9478-0CD92E8D9C47}.Ad-Hoc|iPhone.Build.0 = Debug|Any CPU
		{C8764654-BC27-4357-9478-0CD92E8D9C47}.Ad-Hoc|iPhone.Deploy.0 = Debug|Any CPU
		{C8764654-BC27-4357-9478-0CD92E8D9C47}.Ad-Hoc|iPhoneSimulator.ActiveCfg = Debug|Any CPU
		{C8764654-BC27-4357-9478-0CD92E8D9C47}.Ad-Hoc|iPhoneSimulator.Build.0 = Debug|Any CPU
		{C8764654-BC27-4357-9478-0CD92E8D9C47}.Ad-Hoc|iPhoneSimulator.Deploy.0 = Debug|Any CPU
		{C8764654-BC27-4357-9478-0CD92E8D9C47}.AppStore|Any CPU.ActiveCfg = Debug|Any CPU
		{C8764654-BC27-4357-9478-0CD92E8D9C47}.AppStore|Any CPU.Build.0 = Debug|Any CPU
		{C8764654-BC27-4357-9478-0CD92E8D9C47}.AppStore|Any CPU.Deploy.0 = Debug|Any CPU
		{C8764654-BC27-4357-9478-0CD92E8D9C47}.AppStore|iPhone.ActiveCfg = Debug|Any CPU
		{C8764654-BC27-4357-9478-0CD92E8D9C47}.AppStore|iPhone.Build.0 = Debug|Any CPU
		{C8764654-BC27-4357-9478-0CD92E8D9C47}.AppStore|iPhone.Deploy.0 = Debug|Any CPU
		{C8764654-BC27-4357-9478-0CD92E8D9C47}.AppStore|iPhoneSimulator.ActiveCfg = Debug|Any CPU
		{C8764654-BC27-4357-9478-0CD92E8D9C47}.AppStore|iPhoneSimulator.Build.0 = Debug|Any CPU
		{C8764654-BC27-4357-9478-0CD92E8D9C47}.AppStore|iPhoneSimulator.Deploy.0 = Debug|Any CPU
		{C8764654-BC27-4357-9478-0CD92E8D9C47}.Debug|Any CPU.ActiveCfg = Debug|Any CPU
		{C8764654-BC27-4357-9478-0CD92E8D9C47}.Debug|Any CPU.Build.0 = Debug|Any CPU
		{C8764654-BC27-4357-9478-0CD92E8D9C47}.Debug|Any CPU.Deploy.0 = Debug|Any CPU
		{C8764654-BC27-4357-9478-0CD92E8D9C47}.Debug|iPhone.ActiveCfg = Debug|Any CPU
		{C8764654-BC27-4357-9478-0CD92E8D9C47}.Debug|iPhone.Build.0 = Debug|Any CPU
		{C8764654-BC27-4357-9478-0CD92E8D9C47}.Debug|iPhone.Deploy.0 = Debug|Any CPU
		{C8764654-BC27-4357-9478-0CD92E8D9C47}.Debug|iPhoneSimulator.ActiveCfg = Debug|Any CPU
		{C8764654-BC27-4357-9478-0CD92E8D9C47}.Debug|iPhoneSimulator.Build.0 = Debug|Any CPU
		{C8764654-BC27-4357-9478-0CD92E8D9C47}.Debug|iPhoneSimulator.Deploy.0 = Debug|Any CPU
		{C8764654-BC27-4357-9478-0CD92E8D9C47}.Release|Any CPU.ActiveCfg = Release|Any CPU
		{C8764654-BC27-4357-9478-0CD92E8D9C47}.Release|Any CPU.Build.0 = Release|Any CPU
		{C8764654-BC27-4357-9478-0CD92E8D9C47}.Release|Any CPU.Deploy.0 = Release|Any CPU
		{C8764654-BC27-4357-9478-0CD92E8D9C47}.Release|iPhone.ActiveCfg = Release|Any CPU
		{C8764654-BC27-4357-9478-0CD92E8D9C47}.Release|iPhone.Build.0 = Release|Any CPU
		{C8764654-BC27-4357-9478-0CD92E8D9C47}.Release|iPhone.Deploy.0 = Release|Any CPU
		{C8764654-BC27-4357-9478-0CD92E8D9C47}.Release|iPhoneSimulator.ActiveCfg = Release|Any CPU
		{C8764654-BC27-4357-9478-0CD92E8D9C47}.Release|iPhoneSimulator.Build.0 = Release|Any CPU
		{C8764654-BC27-4357-9478-0CD92E8D9C47}.Release|iPhoneSimulator.Deploy.0 = Release|Any CPU
	EndGlobalSection
	GlobalSection(SolutionProperties) = preSolution
		HideSolutionNode = FALSE
	EndGlobalSection
	GlobalSection(ExtensibilityGlobals) = postSolution
		SolutionGuid = {7ECFDDE6-BB5A-4936-B92A-DE2CE38DA507}
	EndGlobalSection
EndGlobal
